// !$*UTF8*$!
{
	archiveVersion = 1;
	classes = {
	};
	objectVersion = 50;
	objects = {

/* Begin PBXBuildFile section */
		CD6176DDA0CAA15C17098B1E /* Pods_DYZB.framework in Frameworks */ = {isa = PBXBuildFile; fileRef = 2A513F11A108186A2FAEAFA2 /* Pods_DYZB.framework */; };
		F613174621907546001EA1E6 /* Home.storyboard in Resources */ = {isa = PBXBuildFile; fileRef = F613174421907546001EA1E6 /* Home.storyboard */; };
		F61317492190755E001EA1E6 /* Live.storyboard in Resources */ = {isa = PBXBuildFile; fileRef = F61317472190755E001EA1E6 /* Live.storyboard */; };
		F613174C21907575001EA1E6 /* Follow.storyboard in Resources */ = {isa = PBXBuildFile; fileRef = F613174A21907575001EA1E6 /* Follow.storyboard */; };
		F613174F21907589001EA1E6 /* User.storyboard in Resources */ = {isa = PBXBuildFile; fileRef = F613174D21907589001EA1E6 /* User.storyboard */; };
		F613176021907C76001EA1E6 /* HomeViewController.swift in Sources */ = {isa = PBXBuildFile; fileRef = F613175F21907C76001EA1E6 /* HomeViewController.swift */; };
		F6131763219084B5001EA1E6 /* UIBarButtonItem-Extension.swift in Sources */ = {isa = PBXBuildFile; fileRef = F6131762219084B5001EA1E6 /* UIBarButtonItem-Extension.swift */; };
		F613176521917056001EA1E6 /* PageTitleView.swift in Sources */ = {isa = PBXBuildFile; fileRef = F613176421917056001EA1E6 /* PageTitleView.swift */; };
		F6131767219171A3001EA1E6 /* CommonParameters.swift in Sources */ = {isa = PBXBuildFile; fileRef = F6131766219171A3001EA1E6 /* CommonParameters.swift */; };
		F62334C221A454080011C122 /* UIImageView_Extension.swift in Sources */ = {isa = PBXBuildFile; fileRef = F62334C121A454080011C122 /* UIImageView_Extension.swift */; };
		F66ED032219D35F6007E7817 /* RecommendViewController.swift in Sources */ = {isa = PBXBuildFile; fileRef = F66ED031219D35F6007E7817 /* RecommendViewController.swift */; };
		F66ED035219D46AF007E7817 /* CollectionHeaderView.swift in Sources */ = {isa = PBXBuildFile; fileRef = F66ED033219D46AF007E7817 /* CollectionHeaderView.swift */; };
		F66ED036219D46AF007E7817 /* CollectionHeaderView.xib in Resources */ = {isa = PBXBuildFile; fileRef = F66ED034219D46AF007E7817 /* CollectionHeaderView.xib */; };
		F66ED039219E61D5007E7817 /* CollectionViewNormalCell.swift in Sources */ = {isa = PBXBuildFile; fileRef = F66ED037219E61D5007E7817 /* CollectionViewNormalCell.swift */; };
		F66ED03A219E61D5007E7817 /* CollectionViewNormalCell.xib in Resources */ = {isa = PBXBuildFile; fileRef = F66ED038219E61D5007E7817 /* CollectionViewNormalCell.xib */; };
		F66ED03D219E6813007E7817 /* CollectionViewPrettyCell.swift in Sources */ = {isa = PBXBuildFile; fileRef = F66ED03B219E6813007E7817 /* CollectionViewPrettyCell.swift */; };
		F66ED03E219E6813007E7817 /* CollectionViewPrettyCell.xib in Resources */ = {isa = PBXBuildFile; fileRef = F66ED03C219E6813007E7817 /* CollectionViewPrettyCell.xib */; };
		F677AEF021A5019800D0F358 /* Int_Extension.swift in Sources */ = {isa = PBXBuildFile; fileRef = F677AEEF21A5019800D0F358 /* Int_Extension.swift */; };
		F677AEF221A5101800D0F358 /* CollectionViewBaseCell.swift in Sources */ = {isa = PBXBuildFile; fileRef = F677AEF121A5101800D0F358 /* CollectionViewBaseCell.swift */; };
		F67AC48221A3C8D200C34F88 /* RecommendViewModel.swift in Sources */ = {isa = PBXBuildFile; fileRef = F67AC48121A3C8D200C34F88 /* RecommendViewModel.swift */; };
		F67AC48421A3CD9F00C34F88 /* Date_Extension.swift in Sources */ = {isa = PBXBuildFile; fileRef = F67AC48321A3CD9F00C34F88 /* Date_Extension.swift */; };
		F67AC48621A3CE4C00C34F88 /* UserInfo.plist in Resources */ = {isa = PBXBuildFile; fileRef = F67AC48521A3CE4C00C34F88 /* UserInfo.plist */; };
		F67AC48821A3E19200C34F88 /* AnchorGroup.swift in Sources */ = {isa = PBXBuildFile; fileRef = F67AC48721A3E19200C34F88 /* AnchorGroup.swift */; };
		F67AC48A21A3E91200C34F88 /* AnchorModel.swift in Sources */ = {isa = PBXBuildFile; fileRef = F67AC48921A3E91200C34F88 /* AnchorModel.swift */; };
		F693311521A5A56E00D700A4 /* CycleModel.swift in Sources */ = {isa = PBXBuildFile; fileRef = F693311421A5A56E00D700A4 /* CycleModel.swift */; };
		F6944B0621A546A900C32FD8 /* RecommendCycleView.swift in Sources */ = {isa = PBXBuildFile; fileRef = F6944B0521A546A900C32FD8 /* RecommendCycleView.swift */; };
		F6944B0821A546C100C32FD8 /* RecommendCycleView.xib in Resources */ = {isa = PBXBuildFile; fileRef = F6944B0721A546C100C32FD8 /* RecommendCycleView.xib */; };
		F6944B0A21A7F52800C32FD8 /* RecommendGameView.swift in Sources */ = {isa = PBXBuildFile; fileRef = F6944B0921A7F52800C32FD8 /* RecommendGameView.swift */; };
		F6944B0C21A7F53D00C32FD8 /* RecommendGameView.xib in Resources */ = {isa = PBXBuildFile; fileRef = F6944B0B21A7F53D00C32FD8 /* RecommendGameView.xib */; };
		F6944B0F21A7FCB400C32FD8 /* CollectionGameCell.swift in Sources */ = {isa = PBXBuildFile; fileRef = F6944B0D21A7FCB400C32FD8 /* CollectionGameCell.swift */; };
		F6944B1021A7FCB400C32FD8 /* CollectionGameCell.xib in Resources */ = {isa = PBXBuildFile; fileRef = F6944B0E21A7FCB400C32FD8 /* CollectionGameCell.xib */; };
		F6A42171218F4E6A006926A7 /* AppDelegate.swift in Sources */ = {isa = PBXBuildFile; fileRef = F6A42170218F4E6A006926A7 /* AppDelegate.swift */; };
		F6A42176218F4E6A006926A7 /* Main.storyboard in Resources */ = {isa = PBXBuildFile; fileRef = F6A42174218F4E6A006926A7 /* Main.storyboard */; };
		F6A42178218F4E6B006926A7 /* Assets.xcassets in Resources */ = {isa = PBXBuildFile; fileRef = F6A42177218F4E6B006926A7 /* Assets.xcassets */; };
		F6A4217B218F4E6B006926A7 /* LaunchScreen.storyboard in Resources */ = {isa = PBXBuildFile; fileRef = F6A42179218F4E6B006926A7 /* LaunchScreen.storyboard */; };
		F6E4A96B21A325370073A883 /* NetworkTool.swift in Sources */ = {isa = PBXBuildFile; fileRef = F6E4A96A21A325370073A883 /* NetworkTool.swift */; };
		F6EA6C892192793400094D26 /* PageContentView.swift in Sources */ = {isa = PBXBuildFile; fileRef = F6EA6C882192793400094D26 /* PageContentView.swift */; };
		F6EA6C8B21928C5B00094D26 /* UIColor-Extension.swift in Sources */ = {isa = PBXBuildFile; fileRef = F6EA6C8A21928C5B00094D26 /* UIColor-Extension.swift */; };
		F6F8169A21A70DE60088AA6F /* CollectionCycleCell.swift in Sources */ = {isa = PBXBuildFile; fileRef = F6F8169821A70DE60088AA6F /* CollectionCycleCell.swift */; };
		F6F8169B21A70DE60088AA6F /* CollectionCycleCell.xib in Resources */ = {isa = PBXBuildFile; fileRef = F6F8169921A70DE60088AA6F /* CollectionCycleCell.xib */; };
/* End PBXBuildFile section */

/* Begin PBXFileReference section */
		0063C26322B65698C68A2F51 /* Pods-DYZB.debug.xcconfig */ = {isa = PBXFileReference; includeInIndex = 1; lastKnownFileType = text.xcconfig; name = "Pods-DYZB.debug.xcconfig"; path = "Pods/Target Support Files/Pods-DYZB/Pods-DYZB.debug.xcconfig"; sourceTree = "<group>"; };
		2A513F11A108186A2FAEAFA2 /* Pods_DYZB.framework */ = {isa = PBXFileReference; explicitFileType = wrapper.framework; includeInIndex = 0; path = Pods_DYZB.framework; sourceTree = BUILT_PRODUCTS_DIR; };
		58A2C580454831EF77DEA47D /* Pods-DYZB.release.xcconfig */ = {isa = PBXFileReference; includeInIndex = 1; lastKnownFileType = text.xcconfig; name = "Pods-DYZB.release.xcconfig"; path = "Pods/Target Support Files/Pods-DYZB/Pods-DYZB.release.xcconfig"; sourceTree = "<group>"; };
		F613174521907546001EA1E6 /* Base */ = {isa = PBXFileReference; lastKnownFileType = file.storyboard; name = Base; path = DYZB/Base.lproj/Home.storyboard; sourceTree = "<group>"; };
		F61317482190755E001EA1E6 /* Base */ = {isa = PBXFileReference; lastKnownFileType = file.storyboard; name = Base; path = DYZB/Base.lproj/Live.storyboard; sourceTree = "<group>"; };
		F613174B21907575001EA1E6 /* Base */ = {isa = PBXFileReference; lastKnownFileType = file.storyboard; name = Base; path = DYZB/Base.lproj/Follow.storyboard; sourceTree = "<group>"; };
		F613174E21907589001EA1E6 /* Base */ = {isa = PBXFileReference; lastKnownFileType = file.storyboard; name = Base; path = DYZB/Base.lproj/User.storyboard; sourceTree = "<group>"; };
		F613175F21907C76001EA1E6 /* HomeViewController.swift */ = {isa = PBXFileReference; lastKnownFileType = sourcecode.swift; path = HomeViewController.swift; sourceTree = "<group>"; };
		F6131762219084B5001EA1E6 /* UIBarButtonItem-Extension.swift */ = {isa = PBXFileReference; lastKnownFileType = sourcecode.swift; path = "UIBarButtonItem-Extension.swift"; sourceTree = "<group>"; };
		F613176421917056001EA1E6 /* PageTitleView.swift */ = {isa = PBXFileReference; lastKnownFileType = sourcecode.swift; path = PageTitleView.swift; sourceTree = "<group>"; };
		F6131766219171A3001EA1E6 /* CommonParameters.swift */ = {isa = PBXFileReference; lastKnownFileType = sourcecode.swift; path = CommonParameters.swift; sourceTree = "<group>"; };
		F62334C121A454080011C122 /* UIImageView_Extension.swift */ = {isa = PBXFileReference; lastKnownFileType = sourcecode.swift; path = UIImageView_Extension.swift; sourceTree = "<group>"; };
		F66ED031219D35F6007E7817 /* RecommendViewController.swift */ = {isa = PBXFileReference; lastKnownFileType = sourcecode.swift; path = RecommendViewController.swift; sourceTree = "<group>"; };
		F66ED033219D46AF007E7817 /* CollectionHeaderView.swift */ = {isa = PBXFileReference; lastKnownFileType = sourcecode.swift; path = CollectionHeaderView.swift; sourceTree = "<group>"; };
		F66ED034219D46AF007E7817 /* CollectionHeaderView.xib */ = {isa = PBXFileReference; lastKnownFileType = file.xib; path = CollectionHeaderView.xib; sourceTree = "<group>"; };
		F66ED037219E61D5007E7817 /* CollectionViewNormalCell.swift */ = {isa = PBXFileReference; lastKnownFileType = sourcecode.swift; path = CollectionViewNormalCell.swift; sourceTree = "<group>"; };
		F66ED038219E61D5007E7817 /* CollectionViewNormalCell.xib */ = {isa = PBXFileReference; lastKnownFileType = file.xib; path = CollectionViewNormalCell.xib; sourceTree = "<group>"; };
		F66ED03B219E6813007E7817 /* CollectionViewPrettyCell.swift */ = {isa = PBXFileReference; lastKnownFileType = sourcecode.swift; path = CollectionViewPrettyCell.swift; sourceTree = "<group>"; };
		F66ED03C219E6813007E7817 /* CollectionViewPrettyCell.xib */ = {isa = PBXFileReference; lastKnownFileType = file.xib; path = CollectionViewPrettyCell.xib; sourceTree = "<group>"; };
		F677AEEF21A5019800D0F358 /* Int_Extension.swift */ = {isa = PBXFileReference; lastKnownFileType = sourcecode.swift; path = Int_Extension.swift; sourceTree = "<group>"; };
		F677AEF121A5101800D0F358 /* CollectionViewBaseCell.swift */ = {isa = PBXFileReference; lastKnownFileType = sourcecode.swift; path = CollectionViewBaseCell.swift; sourceTree = "<group>"; };
		F67AC48121A3C8D200C34F88 /* RecommendViewModel.swift */ = {isa = PBXFileReference; lastKnownFileType = sourcecode.swift; path = RecommendViewModel.swift; sourceTree = "<group>"; };
		F67AC48321A3CD9F00C34F88 /* Date_Extension.swift */ = {isa = PBXFileReference; lastKnownFileType = sourcecode.swift; path = Date_Extension.swift; sourceTree = "<group>"; };
		F67AC48521A3CE4C00C34F88 /* UserInfo.plist */ = {isa = PBXFileReference; lastKnownFileType = text.plist.xml; path = UserInfo.plist; sourceTree = "<group>"; };
		F67AC48721A3E19200C34F88 /* AnchorGroup.swift */ = {isa = PBXFileReference; lastKnownFileType = sourcecode.swift; path = AnchorGroup.swift; sourceTree = "<group>"; };
		F67AC48921A3E91200C34F88 /* AnchorModel.swift */ = {isa = PBXFileReference; lastKnownFileType = sourcecode.swift; path = AnchorModel.swift; sourceTree = "<group>"; };
		F693311421A5A56E00D700A4 /* CycleModel.swift */ = {isa = PBXFileReference; lastKnownFileType = sourcecode.swift; path = CycleModel.swift; sourceTree = "<group>"; };
		F6944B0521A546A900C32FD8 /* RecommendCycleView.swift */ = {isa = PBXFileReference; lastKnownFileType = sourcecode.swift; path = RecommendCycleView.swift; sourceTree = "<group>"; };
		F6944B0721A546C100C32FD8 /* RecommendCycleView.xib */ = {isa = PBXFileReference; lastKnownFileType = file.xib; path = RecommendCycleView.xib; sourceTree = "<group>"; };
		F6944B0921A7F52800C32FD8 /* RecommendGameView.swift */ = {isa = PBXFileReference; lastKnownFileType = sourcecode.swift; path = RecommendGameView.swift; sourceTree = "<group>"; };
		F6944B0B21A7F53D00C32FD8 /* RecommendGameView.xib */ = {isa = PBXFileReference; lastKnownFileType = file.xib; path = RecommendGameView.xib; sourceTree = "<group>"; };
		F6944B0D21A7FCB400C32FD8 /* CollectionGameCell.swift */ = {isa = PBXFileReference; lastKnownFileType = sourcecode.swift; path = CollectionGameCell.swift; sourceTree = "<group>"; };
		F6944B0E21A7FCB400C32FD8 /* CollectionGameCell.xib */ = {isa = PBXFileReference; lastKnownFileType = file.xib; path = CollectionGameCell.xib; sourceTree = "<group>"; };
		F6A4216D218F4E6A006926A7 /* DYZB.app */ = {isa = PBXFileReference; explicitFileType = wrapper.application; includeInIndex = 0; path = DYZB.app; sourceTree = BUILT_PRODUCTS_DIR; };
		F6A42170218F4E6A006926A7 /* AppDelegate.swift */ = {isa = PBXFileReference; lastKnownFileType = sourcecode.swift; path = AppDelegate.swift; sourceTree = "<group>"; };
		F6A42175218F4E6A006926A7 /* Base */ = {isa = PBXFileReference; lastKnownFileType = file.storyboard; name = Base; path = Base.lproj/Main.storyboard; sourceTree = "<group>"; };
		F6A42177218F4E6B006926A7 /* Assets.xcassets */ = {isa = PBXFileReference; lastKnownFileType = folder.assetcatalog; path = Assets.xcassets; sourceTree = "<group>"; };
		F6A4217A218F4E6B006926A7 /* Base */ = {isa = PBXFileReference; lastKnownFileType = file.storyboard; name = Base; path = Base.lproj/LaunchScreen.storyboard; sourceTree = "<group>"; };
		F6A4217C218F4E6B006926A7 /* Info.plist */ = {isa = PBXFileReference; lastKnownFileType = text.plist.xml; path = Info.plist; sourceTree = "<group>"; };
		F6E4A96A21A325370073A883 /* NetworkTool.swift */ = {isa = PBXFileReference; lastKnownFileType = sourcecode.swift; path = NetworkTool.swift; sourceTree = "<group>"; };
		F6EA6C882192793400094D26 /* PageContentView.swift */ = {isa = PBXFileReference; lastKnownFileType = sourcecode.swift; path = PageContentView.swift; sourceTree = "<group>"; };
		F6EA6C8A21928C5B00094D26 /* UIColor-Extension.swift */ = {isa = PBXFileReference; lastKnownFileType = sourcecode.swift; path = "UIColor-Extension.swift"; sourceTree = "<group>"; };
		F6F8169821A70DE60088AA6F /* CollectionCycleCell.swift */ = {isa = PBXFileReference; lastKnownFileType = sourcecode.swift; path = CollectionCycleCell.swift; sourceTree = "<group>"; };
		F6F8169921A70DE60088AA6F /* CollectionCycleCell.xib */ = {isa = PBXFileReference; lastKnownFileType = file.xib; path = CollectionCycleCell.xib; sourceTree = "<group>"; };
/* End PBXFileReference section */

/* Begin PBXFrameworksBuildPhase section */
		F6A4216A218F4E6A006926A7 /* Frameworks */ = {
			isa = PBXFrameworksBuildPhase;
			buildActionMask = 2147483647;
			files = (
				CD6176DDA0CAA15C17098B1E /* Pods_DYZB.framework in Frameworks */,
			);
			runOnlyForDeploymentPostprocessing = 0;
		};
/* End PBXFrameworksBuildPhase section */

/* Begin PBXGroup section */
		3211F4F31B99B283893346D6 /* Frameworks */ = {
			isa = PBXGroup;
			children = (
				2A513F11A108186A2FAEAFA2 /* Pods_DYZB.framework */,
			);
			name = Frameworks;
			sourceTree = "<group>";
		};
		F0A6E64854D06A54FF6AA853 /* Pods */ = {
			isa = PBXGroup;
			children = (
				0063C26322B65698C68A2F51 /* Pods-DYZB.debug.xcconfig */,
				58A2C580454831EF77DEA47D /* Pods-DYZB.release.xcconfig */,
			);
			name = Pods;
			sourceTree = "<group>";
		};
		F61317412190733D001EA1E6 /* Live */ = {
			isa = PBXGroup;
			children = (
				F613175821907B66001EA1E6 /* Model */,
				F613175721907B5F001EA1E6 /* View */,
				F613175621907B58001EA1E6 /* Controller */,
				F61317472190755E001EA1E6 /* Live.storyboard */,
			);
			name = Live;
			sourceTree = "<group>";
		};
		F613174221907345001EA1E6 /* Follow */ = {
			isa = PBXGroup;
			children = (
				F613175B21907B7F001EA1E6 /* Model */,
				F613175A21907B77001EA1E6 /* View */,
				F613175921907B6C001EA1E6 /* Controller */,
				F613174A21907575001EA1E6 /* Follow.storyboard */,
			);
			name = Follow;
			sourceTree = "<group>";
		};
		F61317432190734D001EA1E6 /* Tools */ = {
			isa = PBXGroup;
			children = (
				F6131761219083BE001EA1E6 /* Extensions */,
				F6131766219171A3001EA1E6 /* CommonParameters.swift */,
				F6E4A96A21A325370073A883 /* NetworkTool.swift */,
			);
			name = Tools;
			sourceTree = "<group>";
		};
		F613175021907AE7001EA1E6 /* Controller */ = {
			isa = PBXGroup;
			children = (
			);
			name = Controller;
			sourceTree = "<group>";
		};
		F613175121907AF9001EA1E6 /* View */ = {
			isa = PBXGroup;
			children = (
				F613176421917056001EA1E6 /* PageTitleView.swift */,
				F6EA6C882192793400094D26 /* PageContentView.swift */,
				F66ED037219E61D5007E7817 /* CollectionViewNormalCell.swift */,
				F66ED038219E61D5007E7817 /* CollectionViewNormalCell.xib */,
				F66ED03B219E6813007E7817 /* CollectionViewPrettyCell.swift */,
				F66ED03C219E6813007E7817 /* CollectionViewPrettyCell.xib */,
				F677AEF121A5101800D0F358 /* CollectionViewBaseCell.swift */,
			);
			name = View;
			sourceTree = "<group>";
		};
		F613175221907B01001EA1E6 /* Model */ = {
			isa = PBXGroup;
			children = (
				F67AC48721A3E19200C34F88 /* AnchorGroup.swift */,
				F67AC48921A3E91200C34F88 /* AnchorModel.swift */,
			);
			name = Model;
			sourceTree = "<group>";
		};
		F613175321907B2F001EA1E6 /* Controller */ = {
			isa = PBXGroup;
			children = (
				F613175F21907C76001EA1E6 /* HomeViewController.swift */,
				F613174421907546001EA1E6 /* Home.storyboard */,
				F66ED031219D35F6007E7817 /* RecommendViewController.swift */,
			);
			name = Controller;
			sourceTree = "<group>";
		};
		F613175421907B39001EA1E6 /* View */ = {
			isa = PBXGroup;
			children = (
				F66ED033219D46AF007E7817 /* CollectionHeaderView.swift */,
				F66ED034219D46AF007E7817 /* CollectionHeaderView.xib */,
				F6944B0521A546A900C32FD8 /* RecommendCycleView.swift */,
				F6944B0721A546C100C32FD8 /* RecommendCycleView.xib */,
				F6F8169821A70DE60088AA6F /* CollectionCycleCell.swift */,
				F6F8169921A70DE60088AA6F /* CollectionCycleCell.xib */,
				F6944B0921A7F52800C32FD8 /* RecommendGameView.swift */,
				F6944B0B21A7F53D00C32FD8 /* RecommendGameView.xib */,
				F6944B0D21A7FCB400C32FD8 /* CollectionGameCell.swift */,
				F6944B0E21A7FCB400C32FD8 /* CollectionGameCell.xib */,
			);
			name = View;
			sourceTree = "<group>";
		};
		F613175521907B43001EA1E6 /* Model */ = {
			isa = PBXGroup;
			children = (
				F693311421A5A56E00D700A4 /* CycleModel.swift */,
			);
			name = Model;
			sourceTree = "<group>";
		};
		F613175621907B58001EA1E6 /* Controller */ = {
			isa = PBXGroup;
			children = (
			);
			name = Controller;
			sourceTree = "<group>";
		};
		F613175721907B5F001EA1E6 /* View */ = {
			isa = PBXGroup;
			children = (
			);
			name = View;
			sourceTree = "<group>";
		};
		F613175821907B66001EA1E6 /* Model */ = {
			isa = PBXGroup;
			children = (
			);
			name = Model;
			sourceTree = "<group>";
		};
		F613175921907B6C001EA1E6 /* Controller */ = {
			isa = PBXGroup;
			children = (
			);
			name = Controller;
			sourceTree = "<group>";
		};
		F613175A21907B77001EA1E6 /* View */ = {
			isa = PBXGroup;
			children = (
			);
			name = View;
			sourceTree = "<group>";
		};
		F613175B21907B7F001EA1E6 /* Model */ = {
			isa = PBXGroup;
			children = (
			);
			name = Model;
			sourceTree = "<group>";
		};
		F613175C21907B86001EA1E6 /* Controller */ = {
			isa = PBXGroup;
			children = (
			);
			name = Controller;
			sourceTree = "<group>";
		};
		F613175D21907B8D001EA1E6 /* View */ = {
			isa = PBXGroup;
			children = (
			);
			name = View;
			sourceTree = "<group>";
		};
		F613175E21907B92001EA1E6 /* Model */ = {
			isa = PBXGroup;
			children = (
			);
			name = Model;
			sourceTree = "<group>";
		};
		F6131761219083BE001EA1E6 /* Extensions */ = {
			isa = PBXGroup;
			children = (
				F6131762219084B5001EA1E6 /* UIBarButtonItem-Extension.swift */,
				F6EA6C8A21928C5B00094D26 /* UIColor-Extension.swift */,
				F67AC48321A3CD9F00C34F88 /* Date_Extension.swift */,
				F62334C121A454080011C122 /* UIImageView_Extension.swift */,
				F677AEEF21A5019800D0F358 /* Int_Extension.swift */,
			);
			name = Extensions;
			sourceTree = "<group>";
		};
		F6656C952190552C00C2B3B3 /* Main */ = {
			isa = PBXGroup;
			children = (
				F6A42174218F4E6A006926A7 /* Main.storyboard */,
				F67AC47E21A3C7A600C34F88 /* ViewModel */,
				F613175221907B01001EA1E6 /* Model */,
				F613175121907AF9001EA1E6 /* View */,
				F613175021907AE7001EA1E6 /* Controller */,
			);
			name = Main;
			sourceTree = "<group>";
		};
		F6656C972190554F00C2B3B3 /* Home */ = {
			isa = PBXGroup;
			children = (
				F693311621A5A99E00D700A4 /* ViewModel */,
				F613175521907B43001EA1E6 /* Model */,
				F613175421907B39001EA1E6 /* View */,
				F613175321907B2F001EA1E6 /* Controller */,
			);
			name = Home;
			sourceTree = "<group>";
		};
		F6656C9A2190557C00C2B3B3 /* User */ = {
			isa = PBXGroup;
			children = (
				F613175E21907B92001EA1E6 /* Model */,
				F613175D21907B8D001EA1E6 /* View */,
				F613175C21907B86001EA1E6 /* Controller */,
				F613174D21907589001EA1E6 /* User.storyboard */,
			);
			name = User;
			sourceTree = "<group>";
		};
		F67AC47E21A3C7A600C34F88 /* ViewModel */ = {
			isa = PBXGroup;
			children = (
			);
			name = ViewModel;
			sourceTree = "<group>";
		};
		F693311621A5A99E00D700A4 /* ViewModel */ = {
			isa = PBXGroup;
			children = (
				F67AC48121A3C8D200C34F88 /* RecommendViewModel.swift */,
			);
			name = ViewModel;
			sourceTree = "<group>";
		};
		F6A42164218F4E6A006926A7 = {
			isa = PBXGroup;
			children = (
				F6A4216F218F4E6A006926A7 /* DYZB */,
				F6A4216E218F4E6A006926A7 /* Products */,
				F0A6E64854D06A54FF6AA853 /* Pods */,
				3211F4F31B99B283893346D6 /* Frameworks */,
			);
			sourceTree = "<group>";
		};
		F6A4216E218F4E6A006926A7 /* Products */ = {
			isa = PBXGroup;
			children = (
				F6A4216D218F4E6A006926A7 /* DYZB.app */,
			);
			name = Products;
			sourceTree = "<group>";
		};
		F6A4216F218F4E6A006926A7 /* DYZB */ = {
			isa = PBXGroup;
			children = (
				F6656C952190552C00C2B3B3 /* Main */,
				F6656C972190554F00C2B3B3 /* Home */,
				F61317412190733D001EA1E6 /* Live */,
				F613174221907345001EA1E6 /* Follow */,
				F6656C9A2190557C00C2B3B3 /* User */,
				F61317432190734D001EA1E6 /* Tools */,
				F6A42170218F4E6A006926A7 /* AppDelegate.swift */,
				F6A42177218F4E6B006926A7 /* Assets.xcassets */,
				F6A42179218F4E6B006926A7 /* LaunchScreen.storyboard */,
				F6A4217C218F4E6B006926A7 /* Info.plist */,
				F67AC48521A3CE4C00C34F88 /* UserInfo.plist */,
			);
			path = DYZB;
			sourceTree = "<group>";
		};
/* End PBXGroup section */

/* Begin PBXNativeTarget section */
		F6A4216C218F4E6A006926A7 /* DYZB */ = {
			isa = PBXNativeTarget;
			buildConfigurationList = F6A4217F218F4E6B006926A7 /* Build configuration list for PBXNativeTarget "DYZB" */;
			buildPhases = (
				DC337C67883C43DCB5CB9C1A /* [CP] Check Pods Manifest.lock */,
				F6A42169218F4E6A006926A7 /* Sources */,
				F6A4216A218F4E6A006926A7 /* Frameworks */,
				F6A4216B218F4E6A006926A7 /* Resources */,
				AE69F562B4E26CD5646206DE /* [CP] Embed Pods Frameworks */,
			);
			buildRules = (
			);
			dependencies = (
			);
			name = DYZB;
			productName = DYZB;
			productReference = F6A4216D218F4E6A006926A7 /* DYZB.app */;
			productType = "com.apple.product-type.application";
		};
/* End PBXNativeTarget section */

/* Begin PBXProject section */
		F6A42165218F4E6A006926A7 /* Project object */ = {
			isa = PBXProject;
			attributes = {
				LastSwiftUpdateCheck = 1010;
				LastUpgradeCheck = 1010;
				ORGANIZATIONNAME = "Aden Lee";
				TargetAttributes = {
					F6A4216C218F4E6A006926A7 = {
						CreatedOnToolsVersion = 10.1;
					};
				};
			};
			buildConfigurationList = F6A42168218F4E6A006926A7 /* Build configuration list for PBXProject "DYZB" */;
			compatibilityVersion = "Xcode 9.3";
			developmentRegion = en;
			hasScannedForEncodings = 0;
			knownRegions = (
				en,
				Base,
			);
			mainGroup = F6A42164218F4E6A006926A7;
			productRefGroup = F6A4216E218F4E6A006926A7 /* Products */;
			projectDirPath = "";
			projectRoot = "";
			targets = (
				F6A4216C218F4E6A006926A7 /* DYZB */,
			);
		};
/* End PBXProject section */

/* Begin PBXResourcesBuildPhase section */
		F6A4216B218F4E6A006926A7 /* Resources */ = {
			isa = PBXResourcesBuildPhase;
			buildActionMask = 2147483647;
			files = (
				F6A4217B218F4E6B006926A7 /* LaunchScreen.storyboard in Resources */,
				F66ED036219D46AF007E7817 /* CollectionHeaderView.xib in Resources */,
				F6944B1021A7FCB400C32FD8 /* CollectionGameCell.xib in Resources */,
				F6A42178218F4E6B006926A7 /* Assets.xcassets in Resources */,
				F67AC48621A3CE4C00C34F88 /* UserInfo.plist in Resources */,
				F6A42176218F4E6A006926A7 /* Main.storyboard in Resources */,
				F6944B0C21A7F53D00C32FD8 /* RecommendGameView.xib in Resources */,
				F66ED03E219E6813007E7817 /* CollectionViewPrettyCell.xib in Resources */,
				F61317492190755E001EA1E6 /* Live.storyboard in Resources */,
				F66ED03A219E61D5007E7817 /* CollectionViewNormalCell.xib in Resources */,
				F6944B0821A546C100C32FD8 /* RecommendCycleView.xib in Resources */,
				F613174621907546001EA1E6 /* Home.storyboard in Resources */,
				F6F8169B21A70DE60088AA6F /* CollectionCycleCell.xib in Resources */,
				F613174F21907589001EA1E6 /* User.storyboard in Resources */,
				F613174C21907575001EA1E6 /* Follow.storyboard in Resources */,
			);
			runOnlyForDeploymentPostprocessing = 0;
		};
/* End PBXResourcesBuildPhase section */

/* Begin PBXShellScriptBuildPhase section */
		AE69F562B4E26CD5646206DE /* [CP] Embed Pods Frameworks */ = {
			isa = PBXShellScriptBuildPhase;
			buildActionMask = 2147483647;
			files = (
			);
			inputFileListPaths = (
			);
			inputPaths = (
				"${SRCROOT}/Pods/Target Support Files/Pods-DYZB/Pods-DYZB-frameworks.sh",
				"${BUILT_PRODUCTS_DIR}/Alamofire/Alamofire.framework",
				"${BUILT_PRODUCTS_DIR}/Kingfisher/Kingfisher.framework",
			);
			name = "[CP] Embed Pods Frameworks";
			outputFileListPaths = (
			);
			outputPaths = (
				"${TARGET_BUILD_DIR}/${FRAMEWORKS_FOLDER_PATH}/Alamofire.framework",
				"${TARGET_BUILD_DIR}/${FRAMEWORKS_FOLDER_PATH}/Kingfisher.framework",
			);
			runOnlyForDeploymentPostprocessing = 0;
			shellPath = /bin/sh;
			shellScript = "\"${SRCROOT}/Pods/Target Support Files/Pods-DYZB/Pods-DYZB-frameworks.sh\"\n";
			showEnvVarsInLog = 0;
		};
		DC337C67883C43DCB5CB9C1A /* [CP] Check Pods Manifest.lock */ = {
			isa = PBXShellScriptBuildPhase;
			buildActionMask = 2147483647;
			files = (
			);
			inputFileListPaths = (
			);
			inputPaths = (
				"${PODS_PODFILE_DIR_PATH}/Podfile.lock",
				"${PODS_ROOT}/Manifest.lock",
			);
			name = "[CP] Check Pods Manifest.lock";
			outputFileListPaths = (
			);
			outputPaths = (
				"$(DERIVED_FILE_DIR)/Pods-DYZB-checkManifestLockResult.txt",
			);
			runOnlyForDeploymentPostprocessing = 0;
			shellPath = /bin/sh;
			shellScript = "diff \"${PODS_PODFILE_DIR_PATH}/Podfile.lock\" \"${PODS_ROOT}/Manifest.lock\" > /dev/null\nif [ $? != 0 ] ; then\n    # print error to STDERR\n    echo \"error: The sandbox is not in sync with the Podfile.lock. Run 'pod install' or update your CocoaPods installation.\" >&2\n    exit 1\nfi\n# This output is used by Xcode 'outputs' to avoid re-running this script phase.\necho \"SUCCESS\" > \"${SCRIPT_OUTPUT_FILE_0}\"\n";
			showEnvVarsInLog = 0;
		};
/* End PBXShellScriptBuildPhase section */

/* Begin PBXSourcesBuildPhase section */
		F6A42169218F4E6A006926A7 /* Sources */ = {
			isa = PBXSourcesBuildPhase;
			buildActionMask = 2147483647;
			files = (
				F677AEF221A5101800D0F358 /* CollectionViewBaseCell.swift in Sources */,
				F66ED035219D46AF007E7817 /* CollectionHeaderView.swift in Sources */,
				F677AEF021A5019800D0F358 /* Int_Extension.swift in Sources */,
				F6131767219171A3001EA1E6 /* CommonParameters.swift in Sources */,
				F6944B0A21A7F52800C32FD8 /* RecommendGameView.swift in Sources */,
				F66ED03D219E6813007E7817 /* CollectionViewPrettyCell.swift in Sources */,
				F62334C221A454080011C122 /* UIImageView_Extension.swift in Sources */,
				F693311521A5A56E00D700A4 /* CycleModel.swift in Sources */,
				F67AC48421A3CD9F00C34F88 /* Date_Extension.swift in Sources */,
				F66ED032219D35F6007E7817 /* RecommendViewController.swift in Sources */,
				F6E4A96B21A325370073A883 /* NetworkTool.swift in Sources */,
				F66ED039219E61D5007E7817 /* CollectionViewNormalCell.swift in Sources */,
				F6EA6C892192793400094D26 /* PageContentView.swift in Sources */,
				F67AC48A21A3E91200C34F88 /* AnchorModel.swift in Sources */,
				F613176521917056001EA1E6 /* PageTitleView.swift in Sources */,
				F6A42171218F4E6A006926A7 /* AppDelegate.swift in Sources */,
				F613176021907C76001EA1E6 /* HomeViewController.swift in Sources */,
				F6944B0F21A7FCB400C32FD8 /* CollectionGameCell.swift in Sources */,
				F6EA6C8B21928C5B00094D26 /* UIColor-Extension.swift in Sources */,
				F6944B0621A546A900C32FD8 /* RecommendCycleView.swift in Sources */,
				F67AC48821A3E19200C34F88 /* AnchorGroup.swift in Sources */,
				F6131763219084B5001EA1E6 /* UIBarButtonItem-Extension.swift in Sources */,
				F6F8169A21A70DE60088AA6F /* CollectionCycleCell.swift in Sources */,
				F67AC48221A3C8D200C34F88 /* RecommendViewModel.swift in Sources */,
			);
			runOnlyForDeploymentPostprocessing = 0;
		};
/* End PBXSourcesBuildPhase section */

/* Begin PBXVariantGroup section */
		F613174421907546001EA1E6 /* Home.storyboard */ = {
			isa = PBXVariantGroup;
			children = (
				F613174521907546001EA1E6 /* Base */,
			);
			name = Home.storyboard;
			sourceTree = "<group>";
		};
		F61317472190755E001EA1E6 /* Live.storyboard */ = {
			isa = PBXVariantGroup;
			children = (
				F61317482190755E001EA1E6 /* Base */,
			);
			name = Live.storyboard;
			sourceTree = "<group>";
		};
		F613174A21907575001EA1E6 /* Follow.storyboard */ = {
			isa = PBXVariantGroup;
			children = (
				F613174B21907575001EA1E6 /* Base */,
			);
			name = Follow.storyboard;
			sourceTree = "<group>";
		};
		F613174D21907589001EA1E6 /* User.storyboard */ = {
			isa = PBXVariantGroup;
			children = (
				F613174E21907589001EA1E6 /* Base */,
			);
			name = User.storyboard;
			sourceTree = "<group>";
		};
		F6A42174218F4E6A006926A7 /* Main.storyboard */ = {
			isa = PBXVariantGroup;
			children = (
				F6A42175218F4E6A006926A7 /* Base */,
			);
			name = Main.storyboard;
			sourceTree = "<group>";
		};
		F6A42179218F4E6B006926A7 /* LaunchScreen.storyboard */ = {
			isa = PBXVariantGroup;
			children = (
				F6A4217A218F4E6B006926A7 /* Base */,
			);
			name = LaunchScreen.storyboard;
			sourceTree = "<group>";
		};
/* End PBXVariantGroup section */

/* Begin XCBuildConfiguration section */
		F6A4217D218F4E6B006926A7 /* Debug */ = {
			isa = XCBuildConfiguration;
			buildSettings = {
				ALWAYS_SEARCH_USER_PATHS = NO;
				CLANG_ANALYZER_NONNULL = YES;
				CLANG_ANALYZER_NUMBER_OBJECT_CONVERSION = YES_AGGRESSIVE;
				CLANG_CXX_LANGUAGE_STANDARD = "gnu++14";
				CLANG_CXX_LIBRARY = "libc++";
				CLANG_ENABLE_MODULES = YES;
				CLANG_ENABLE_OBJC_ARC = YES;
				CLANG_ENABLE_OBJC_WEAK = YES;
				CLANG_WARN_BLOCK_CAPTURE_AUTORELEASING = YES;
				CLANG_WARN_BOOL_CONVERSION = YES;
				CLANG_WARN_COMMA = YES;
				CLANG_WARN_CONSTANT_CONVERSION = YES;
				CLANG_WARN_DEPRECATED_OBJC_IMPLEMENTATIONS = YES;
				CLANG_WARN_DIRECT_OBJC_ISA_USAGE = YES_ERROR;
				CLANG_WARN_DOCUMENTATION_COMMENTS = YES;
				CLANG_WARN_EMPTY_BODY = YES;
				CLANG_WARN_ENUM_CONVERSION = YES;
				CLANG_WARN_INFINITE_RECURSION = YES;
				CLANG_WARN_INT_CONVERSION = YES;
				CLANG_WARN_NON_LITERAL_NULL_CONVERSION = YES;
				CLANG_WARN_OBJC_IMPLICIT_RETAIN_SELF = YES;
				CLANG_WARN_OBJC_LITERAL_CONVERSION = YES;
				CLANG_WARN_OBJC_ROOT_CLASS = YES_ERROR;
				CLANG_WARN_RANGE_LOOP_ANALYSIS = YES;
				CLANG_WARN_STRICT_PROTOTYPES = YES;
				CLANG_WARN_SUSPICIOUS_MOVE = YES;
				CLANG_WARN_UNGUARDED_AVAILABILITY = YES_AGGRESSIVE;
				CLANG_WARN_UNREACHABLE_CODE = YES;
				CLANG_WARN__DUPLICATE_METHOD_MATCH = YES;
				CODE_SIGN_IDENTITY = "iPhone Developer";
				COPY_PHASE_STRIP = NO;
				DEBUG_INFORMATION_FORMAT = dwarf;
				ENABLE_STRICT_OBJC_MSGSEND = YES;
				ENABLE_TESTABILITY = YES;
				GCC_C_LANGUAGE_STANDARD = gnu11;
				GCC_DYNAMIC_NO_PIC = NO;
				GCC_NO_COMMON_BLOCKS = YES;
				GCC_OPTIMIZATION_LEVEL = 0;
				GCC_PREPROCESSOR_DEFINITIONS = (
					"DEBUG=1",
					"$(inherited)",
				);
				GCC_WARN_64_TO_32_BIT_CONVERSION = YES;
				GCC_WARN_ABOUT_RETURN_TYPE = YES_ERROR;
				GCC_WARN_UNDECLARED_SELECTOR = YES;
				GCC_WARN_UNINITIALIZED_AUTOS = YES_AGGRESSIVE;
				GCC_WARN_UNUSED_FUNCTION = YES;
				GCC_WARN_UNUSED_VARIABLE = YES;
				IPHONEOS_DEPLOYMENT_TARGET = 12.1;
				MTL_ENABLE_DEBUG_INFO = INCLUDE_SOURCE;
				MTL_FAST_MATH = YES;
				ONLY_ACTIVE_ARCH = YES;
				SDKROOT = iphoneos;
				SWIFT_ACTIVE_COMPILATION_CONDITIONS = DEBUG;
				SWIFT_OPTIMIZATION_LEVEL = "-Onone";
			};
			name = Debug;
		};
		F6A4217E218F4E6B006926A7 /* Release */ = {
			isa = XCBuildConfiguration;
			buildSettings = {
				ALWAYS_SEARCH_USER_PATHS = NO;
				CLANG_ANALYZER_NONNULL = YES;
				CLANG_ANALYZER_NUMBER_OBJECT_CONVERSION = YES_AGGRESSIVE;
				CLANG_CXX_LANGUAGE_STANDARD = "gnu++14";
				CLANG_CXX_LIBRARY = "libc++";
				CLANG_ENABLE_MODULES = YES;
				CLANG_ENABLE_OBJC_ARC = YES;
				CLANG_ENABLE_OBJC_WEAK = YES;
				CLANG_WARN_BLOCK_CAPTURE_AUTORELEASING = YES;
				CLANG_WARN_BOOL_CONVERSION = YES;
				CLANG_WARN_COMMA = YES;
				CLANG_WARN_CONSTANT_CONVERSION = YES;
				CLANG_WARN_DEPRECATED_OBJC_IMPLEMENTATIONS = YES;
				CLANG_WARN_DIRECT_OBJC_ISA_USAGE = YES_ERROR;
				CLANG_WARN_DOCUMENTATION_COMMENTS = YES;
				CLANG_WARN_EMPTY_BODY = YES;
				CLANG_WARN_ENUM_CONVERSION = YES;
				CLANG_WARN_INFINITE_RECURSION = YES;
				CLANG_WARN_INT_CONVERSION = YES;
				CLANG_WARN_NON_LITERAL_NULL_CONVERSION = YES;
				CLANG_WARN_OBJC_IMPLICIT_RETAIN_SELF = YES;
				CLANG_WARN_OBJC_LITERAL_CONVERSION = YES;
				CLANG_WARN_OBJC_ROOT_CLASS = YES_ERROR;
				CLANG_WARN_RANGE_LOOP_ANALYSIS = YES;
				CLANG_WARN_STRICT_PROTOTYPES = YES;
				CLANG_WARN_SUSPICIOUS_MOVE = YES;
				CLANG_WARN_UNGUARDED_AVAILABILITY = YES_AGGRESSIVE;
				CLANG_WARN_UNREACHABLE_CODE = YES;
				CLANG_WARN__DUPLICATE_METHOD_MATCH = YES;
				CODE_SIGN_IDENTITY = "iPhone Developer";
				COPY_PHASE_STRIP = NO;
				DEBUG_INFORMATION_FORMAT = "dwarf-with-dsym";
				ENABLE_NS_ASSERTIONS = NO;
				ENABLE_STRICT_OBJC_MSGSEND = YES;
				GCC_C_LANGUAGE_STANDARD = gnu11;
				GCC_NO_COMMON_BLOCKS = YES;
				GCC_WARN_64_TO_32_BIT_CONVERSION = YES;
				GCC_WARN_ABOUT_RETURN_TYPE = YES_ERROR;
				GCC_WARN_UNDECLARED_SELECTOR = YES;
				GCC_WARN_UNINITIALIZED_AUTOS = YES_AGGRESSIVE;
				GCC_WARN_UNUSED_FUNCTION = YES;
				GCC_WARN_UNUSED_VARIABLE = YES;
				IPHONEOS_DEPLOYMENT_TARGET = 12.1;
				MTL_ENABLE_DEBUG_INFO = NO;
				MTL_FAST_MATH = YES;
				SDKROOT = iphoneos;
				SWIFT_COMPILATION_MODE = wholemodule;
				SWIFT_OPTIMIZATION_LEVEL = "-O";
				VALIDATE_PRODUCT = YES;
			};
			name = Release;
		};
		F6A42180218F4E6B006926A7 /* Debug */ = {
			isa = XCBuildConfiguration;
			baseConfigurationReference = 0063C26322B65698C68A2F51 /* Pods-DYZB.debug.xcconfig */;
			buildSettings = {
				ASSETCATALOG_COMPILER_APPICON_NAME = AppIcon;
				ASSETCATALOG_COMPILER_LAUNCHIMAGE_NAME = LaunchImage;
				CODE_SIGN_STYLE = Automatic;
				DEVELOPMENT_TEAM = V9R7U6X82W;
				INFOPLIST_FILE = DYZB/Info.plist;
				LD_RUNPATH_SEARCH_PATHS = (
					"$(inherited)",
					"@executable_path/Frameworks",
				);
				PRODUCT_BUNDLE_IDENTIFIER = com.lee.DYZB;
				PRODUCT_NAME = "$(TARGET_NAME)";
				SWIFT_VERSION = 4.2;
				TARGETED_DEVICE_FAMILY = 1;
			};
			name = Debug;
		};
		F6A42181218F4E6B006926A7 /* Release */ = {
			isa = XCBuildConfiguration;
			baseConfigurationReference = 58A2C580454831EF77DEA47D /* Pods-DYZB.release.xcconfig */;
			buildSettings = {
				ASSETCATALOG_COMPILER_APPICON_NAME = AppIcon;
				ASSETCATALOG_COMPILER_LAUNCHIMAGE_NAME = LaunchImage;
				CODE_SIGN_STYLE = Automatic;
				DEVELOPMENT_TEAM = V9R7U6X82W;
				INFOPLIST_FILE = DYZB/Info.plist;
				LD_RUNPATH_SEARCH_PATHS = (
					"$(inherited)",
					"@executable_path/Frameworks",
				);
				PRODUCT_BUNDLE_IDENTIFIER = com.lee.DYZB;
				PRODUCT_NAME = "$(TARGET_NAME)";
				SWIFT_VERSION = 4.2;
				TARGETED_DEVICE_FAMILY = 1;
			};
			name = Release;
		};
/* End XCBuildConfiguration section */

/* Begin XCConfigurationList section */
		F6A42168218F4E6A006926A7 /* Build configuration list for PBXProject "DYZB" */ = {
			isa = XCConfigurationList;
			buildConfigurations = (
				F6A4217D218F4E6B006926A7 /* Debug */,
				F6A4217E218F4E6B006926A7 /* Release */,
			);
			defaultConfigurationIsVisible = 0;
			defaultConfigurationName = Release;
		};
		F6A4217F218F4E6B006926A7 /* Build configuration list for PBXNativeTarget "DYZB" */ = {
			isa = XCConfigurationList;
			buildConfigurations = (
				F6A42180218F4E6B006926A7 /* Debug */,
				F6A42181218F4E6B006926A7 /* Release */,
			);
			defaultConfigurationIsVisible = 0;
			defaultConfigurationName = Release;
		};
/* End XCConfigurationList section */
	};
	rootObject = F6A42165218F4E6A006926A7 /* Project object */;
}
